
Microsoft Visual Studio Solution File, Format Version 12.00
# Visual Studio Version 16
VisualStudioVersion = 16.0.29230.47
MinimumVisualStudioVersion = 10.0.40219.1
Project("{FAE04EC0-301F-11D3-BF4B-00C04F79EFBC}") = "CaveSkirmish", "CaveSkirmish.csproj", "{C1624E18-E42B-4CAC-8AC5-5E6AEE0E2464}"
EndProject
Global
	GlobalSection(SolutionConfigurationPlatforms) = preSolution
		Debug|Any CPU = Debug|Any CPU
		Release|Any CPU = Release|Any CPU
	EndGlobalSection
	GlobalSection(ProjectConfigurationPlatforms) = postSolution
		{C1624E18-E42B-4CAC-8AC5-5E6AEE0E2464}.Debug|Any CPU.ActiveCfg = Debug|Any CPU
		{C1624E18-E42B-4CAC-8AC5-5E6AEE0E2464}.Debug|Any CPU.Build.0 = Debug|Any CPU
		{C1624E18-E42B-4CAC-8AC5-5E6AEE0E2464}.Release|Any CPU.ActiveCfg = Release|Any CPU
		{C1624E18-E42B-4CAC-8AC5-5E6AEE0E2464}.Release|Any CPU.Build.0 = Release|Any CPU
	EndGlobalSection
	GlobalSection(SolutionProperties) = preSolution
		HideSolutionNode = FALSE
	EndGlobalSection
	GlobalSection(ExtensibilityGlobals) = postSolution
		SolutionGuid = {EC01A1A6-5153-4D74-80D5-9647D24E0F78}
	EndGlobalSection
EndGlobal
